<Solution>
  <Folder Name="/Solution Items/">
    <File Path=".editorconfig" />
    <File Path="Directory.Build.props" />
    <File Path="README.md" />
  </Folder>
  <Project Path="Meziantou.FluentAssertionsAnalyzers.Tests/Meziantou.FluentAssertionsAnalyzers.Tests.csproj" />
  <Project Path="Meziantou.FluentAssertionsAnalyzers/Meziantou.FluentAssertionsAnalyzers.csproj" />
</Solution>
